
Microsoft Visual Studio Solution File, Format Version 12.00
# Visual Studio 15
VisualStudioVersion = 15.0.28307.1267
MinimumVisualStudioVersion = 10.0.40219.1
Project("{159641D6-6404-4A2A-AE62-294DE0FE8301}") = "KOMOK-Integrasjon", "Integration Services Project1\KOMOK-Integrasjon.dtproj", "{CDAC7340-D5F3-4134-8A72-102D7961F02F}"
EndProject
Global
	GlobalSection(SolutionConfigurationPlatforms) = preSolution
		Development|Default = Development|Default
	EndGlobalSection
	GlobalSection(ProjectConfigurationPlatforms) = postSolution
		{CDAC7340-D5F3-4134-8A72-102D7961F02F}.Development|Default.ActiveCfg = Development
		{CDAC7340-D5F3-4134-8A72-102D7961F02F}.Development|Default.Build.0 = Development
	EndGlobalSection
	GlobalSection(SolutionProperties) = preSolution
		HideSolutionNode = FALSE
	EndGlobalSection
	GlobalSection(ExtensibilityGlobals) = postSolution
		SolutionGuid = {8443D0B7-A3A0-48BD-8C4B-5CBF7B2529FD}
	EndGlobalSection
EndGlobal
